
Microsoft Visual Studio Solution File, Format Version 12.00
# Visual Studio Version 16
VisualStudioVersion = 16.0.29424.173
MinimumVisualStudioVersion = 15.0.26124.0
Project("{9A19103F-16F7-4668-BE54-9A1E7A4F7556}") = "Server", "Server\Server.csproj", "{60450190-B8B6-4BEE-88DA-F09813E74B32}"
EndProject
Project("{9A19103F-16F7-4668-BE54-9A1E7A4F7556}") = "Client", "Client\Client.csproj", "{4CC5F0F6-E2E9-4B77-B842-5E7A054FD140}"
EndProject
Project("{9A19103F-16F7-4668-BE54-9A1E7A4F7556}") = "Utils", "Utils\Utils.csproj", "{D4085ACD-F684-4E34-9080-CABAC27CAAC2}"
EndProject
Project("{9A19103F-16F7-4668-BE54-9A1E7A4F7556}") = "UtilsTest", "UtilsTest\UtilsTest.csproj", "{7B2E18B3-C6AE-46A7-B4AA-B54BA68A9A18}"
EndProject
Project("{9A19103F-16F7-4668-BE54-9A1E7A4F7556}") = "ServerTest", "ServerTest\ServerTest.csproj", "{98A793B5-95E4-4A7F-89D7-E007A88BE188}"
EndProject
Project("{9A19103F-16F7-4668-BE54-9A1E7A4F7556}") = "ClientTest", "ClientTest\ClientTest.csproj", "{6C04865C-865D-4007-B9FC-4449C1B93D2E}"
EndProject
Project("{9A19103F-16F7-4668-BE54-9A1E7A4F7556}") = "ClientUI", "ClientUI\ClientUI.csproj", "{835650AF-F42F-49E5-A42C-D8E2C992AEC9}"
EndProject
Project("{9A19103F-16F7-4668-BE54-9A1E7A4F7556}") = "ServerUI", "ServerUI\ServerUI.csproj", "{77A21F5E-DFE7-4DA5-A8B8-E1300FE0D7F3}"
EndProject
Global
	GlobalSection(SolutionConfigurationPlatforms) = preSolution
		Debug|Any CPU = Debug|Any CPU
		Debug|x64 = Debug|x64
		Debug|x86 = Debug|x86
		Release|Any CPU = Release|Any CPU
		Release|x64 = Release|x64
		Release|x86 = Release|x86
	EndGlobalSection
	GlobalSection(ProjectConfigurationPlatforms) = postSolution
		{60450190-B8B6-4BEE-88DA-F09813E74B32}.Debug|Any CPU.ActiveCfg = Debug|Any CPU
		{60450190-B8B6-4BEE-88DA-F09813E74B32}.Debug|Any CPU.Build.0 = Debug|Any CPU
		{60450190-B8B6-4BEE-88DA-F09813E74B32}.Debug|x64.ActiveCfg = Debug|Any CPU
		{60450190-B8B6-4BEE-88DA-F09813E74B32}.Debug|x64.Build.0 = Debug|Any CPU
		{60450190-B8B6-4BEE-88DA-F09813E74B32}.Debug|x86.ActiveCfg = Debug|Any CPU
		{60450190-B8B6-4BEE-88DA-F09813E74B32}.Debug|x86.Build.0 = Debug|Any CPU
		{60450190-B8B6-4BEE-88DA-F09813E74B32}.Release|Any CPU.ActiveCfg = Release|Any CPU
		{60450190-B8B6-4BEE-88DA-F09813E74B32}.Release|Any CPU.Build.0 = Release|Any CPU
		{60450190-B8B6-4BEE-88DA-F09813E74B32}.Release|x64.ActiveCfg = Release|Any CPU
		{60450190-B8B6-4BEE-88DA-F09813E74B32}.Release|x64.Build.0 = Release|Any CPU
		{60450190-B8B6-4BEE-88DA-F09813E74B32}.Release|x86.ActiveCfg = Release|Any CPU
		{60450190-B8B6-4BEE-88DA-F09813E74B32}.Release|x86.Build.0 = Release|Any CPU
		{4CC5F0F6-E2E9-4B77-B842-5E7A054FD140}.Debug|Any CPU.ActiveCfg = Debug|Any CPU
		{4CC5F0F6-E2E9-4B77-B842-5E7A054FD140}.Debug|Any CPU.Build.0 = Debug|Any CPU
		{4CC5F0F6-E2E9-4B77-B842-5E7A054FD140}.Debug|x64.ActiveCfg = Debug|Any CPU
		{4CC5F0F6-E2E9-4B77-B842-5E7A054FD140}.Debug|x64.Build.0 = Debug|Any CPU
		{4CC5F0F6-E2E9-4B77-B842-5E7A054FD140}.Debug|x86.ActiveCfg = Debug|Any CPU
		{4CC5F0F6-E2E9-4B77-B842-5E7A054FD140}.Debug|x86.Build.0 = Debug|Any CPU
		{4CC5F0F6-E2E9-4B77-B842-5E7A054FD140}.Release|Any CPU.ActiveCfg = Release|Any CPU
		{4CC5F0F6-E2E9-4B77-B842-5E7A054FD140}.Release|Any CPU.Build.0 = Release|Any CPU
		{4CC5F0F6-E2E9-4B77-B842-5E7A054FD140}.Release|x64.ActiveCfg = Release|Any CPU
		{4CC5F0F6-E2E9-4B77-B842-5E7A054FD140}.Release|x64.Build.0 = Release|Any CPU
		{4CC5F0F6-E2E9-4B77-B842-5E7A054FD140}.Release|x86.ActiveCfg = Release|Any CPU
		{4CC5F0F6-E2E9-4B77-B842-5E7A054FD140}.Release|x86.Build.0 = Release|Any CPU
		{D4085ACD-F684-4E34-9080-CABAC27CAAC2}.Debug|Any CPU.ActiveCfg = Debug|Any CPU
		{D4085ACD-F684-4E34-9080-CABAC27CAAC2}.Debug|Any CPU.Build.0 = Debug|Any CPU
		{D4085ACD-F684-4E34-9080-CABAC27CAAC2}.Debug|x64.ActiveCfg = Debug|Any CPU
		{D4085ACD-F684-4E34-9080-CABAC27CAAC2}.Debug|x64.Build.0 = Debug|Any CPU
		{D4085ACD-F684-4E34-9080-CABAC27CAAC2}.Debug|x86.ActiveCfg = Debug|Any CPU
		{D4085ACD-F684-4E34-9080-CABAC27CAAC2}.Debug|x86.Build.0 = Debug|Any CPU
		{D4085ACD-F684-4E34-9080-CABAC27CAAC2}.Release|Any CPU.ActiveCfg = Release|Any CPU
		{D4085ACD-F684-4E34-9080-CABAC27CAAC2}.Release|Any CPU.Build.0 = Release|Any CPU
		{D4085ACD-F684-4E34-9080-CABAC27CAAC2}.Release|x64.ActiveCfg = Release|Any CPU
		{D4085ACD-F684-4E34-9080-CABAC27CAAC2}.Release|x64.Build.0 = Release|Any CPU
		{D4085ACD-F684-4E34-9080-CABAC27CAAC2}.Release|x86.ActiveCfg = Release|Any CPU
		{D4085ACD-F684-4E34-9080-CABAC27CAAC2}.Release|x86.Build.0 = Release|Any CPU
		{7B2E18B3-C6AE-46A7-B4AA-B54BA68A9A18}.Debug|Any CPU.ActiveCfg = Debug|Any CPU
		{7B2E18B3-C6AE-46A7-B4AA-B54BA68A9A18}.Debug|Any CPU.Build.0 = Debug|Any CPU
		{7B2E18B3-C6AE-46A7-B4AA-B54BA68A9A18}.Debug|x64.ActiveCfg = Debug|Any CPU
		{7B2E18B3-C6AE-46A7-B4AA-B54BA68A9A18}.Debug|x64.Build.0 = Debug|Any CPU
		{7B2E18B3-C6AE-46A7-B4AA-B54BA68A9A18}.Debug|x86.ActiveCfg = Debug|Any CPU
		{7B2E18B3-C6AE-46A7-B4AA-B54BA68A9A18}.Debug|x86.Build.0 = Debug|Any CPU
		{7B2E18B3-C6AE-46A7-B4AA-B54BA68A9A18}.Release|Any CPU.ActiveCfg = Release|Any CPU
		{7B2E18B3-C6AE-46A7-B4AA-B54BA68A9A18}.Release|Any CPU.Build.0 = Release|Any CPU
		{7B2E18B3-C6AE-46A7-B4AA-B54BA68A9A18}.Release|x64.ActiveCfg = Release|Any CPU
		{7B2E18B3-C6AE-46A7-B4AA-B54BA68A9A18}.Release|x64.Build.0 = Release|Any CPU
		{7B2E18B3-C6AE-46A7-B4AA-B54BA68A9A18}.Release|x86.ActiveCfg = Release|Any CPU
		{7B2E18B3-C6AE-46A7-B4AA-B54BA68A9A18}.Release|x86.Build.0 = Release|Any CPU
		{98A793B5-95E4-4A7F-89D7-E007A88BE188}.Debug|Any CPU.ActiveCfg = Debug|Any CPU
		{98A793B5-95E4-4A7F-89D7-E007A88BE188}.Debug|Any CPU.Build.0 = Debug|Any CPU
		{98A793B5-95E4-4A7F-89D7-E007A88BE188}.Debug|x64.ActiveCfg = Debug|Any CPU
		{98A793B5-95E4-4A7F-89D7-E007A88BE188}.Debug|x64.Build.0 = Debug|Any CPU
		{98A793B5-95E4-4A7F-89D7-E007A88BE188}.Debug|x86.ActiveCfg = Debug|Any CPU
		{98A793B5-95E4-4A7F-89D7-E007A88BE188}.Debug|x86.Build.0 = Debug|Any CPU
		{98A793B5-95E4-4A7F-89D7-E007A88BE188}.Release|Any CPU.ActiveCfg = Release|Any CPU
		{98A793B5-95E4-4A7F-89D7-E007A88BE188}.Release|Any CPU.Build.0 = Release|Any CPU
		{98A793B5-95E4-4A7F-89D7-E007A88BE188}.Release|x64.ActiveCfg = Release|Any CPU
		{98A793B5-95E4-4A7F-89D7-E007A88BE188}.Release|x64.Build.0 = Release|Any CPU
		{98A793B5-95E4-4A7F-89D7-E007A88BE188}.Release|x86.ActiveCfg = Release|Any CPU
		{98A793B5-95E4-4A7F-89D7-E007A88BE188}.Release|x86.Build.0 = Release|Any CPU
		{6C04865C-865D-4007-B9FC-4449C1B93D2E}.Debug|Any CPU.ActiveCfg = Debug|Any CPU
		{6C04865C-865D-4007-B9FC-4449C1B93D2E}.Debug|Any CPU.Build.0 = Debug|Any CPU
		{6C04865C-865D-4007-B9FC-4449C1B93D2E}.Debug|x64.ActiveCfg = Debug|Any CPU
		{6C04865C-865D-4007-B9FC-4449C1B93D2E}.Debug|x64.Build.0 = Debug|Any CPU
		{6C04865C-865D-4007-B9FC-4449C1B93D2E}.Debug|x86.ActiveCfg = Debug|Any CPU
		{6C04865C-865D-4007-B9FC-4449C1B93D2E}.Debug|x86.Build.0 = Debug|Any CPU
		{6C04865C-865D-4007-B9FC-4449C1B93D2E}.Release|Any CPU.ActiveCfg = Release|Any CPU
		{6C04865C-865D-4007-B9FC-4449C1B93D2E}.Release|Any CPU.Build.0 = Release|Any CPU
		{6C04865C-865D-4007-B9FC-4449C1B93D2E}.Release|x64.ActiveCfg = Release|Any CPU
		{6C04865C-865D-4007-B9FC-4449C1B93D2E}.Release|x64.Build.0 = Release|Any CPU
		{6C04865C-865D-4007-B9FC-4449C1B93D2E}.Release|x86.ActiveCfg = Release|Any CPU
		{6C04865C-865D-4007-B9FC-4449C1B93D2E}.Release|x86.Build.0 = Release|Any CPU
		{835650AF-F42F-49E5-A42C-D8E2C992AEC9}.Debug|Any CPU.ActiveCfg = Debug|Any CPU
		{835650AF-F42F-49E5-A42C-D8E2C992AEC9}.Debug|Any CPU.Build.0 = Debug|Any CPU
		{835650AF-F42F-49E5-A42C-D8E2C992AEC9}.Debug|x64.ActiveCfg = Debug|Any CPU
		{835650AF-F42F-49E5-A42C-D8E2C992AEC9}.Debug|x64.Build.0 = Debug|Any CPU
		{835650AF-F42F-49E5-A42C-D8E2C992AEC9}.Debug|x86.ActiveCfg = Debug|Any CPU
		{835650AF-F42F-49E5-A42C-D8E2C992AEC9}.Debug|x86.Build.0 = Debug|Any CPU
		{835650AF-F42F-49E5-A42C-D8E2C992AEC9}.Release|Any CPU.ActiveCfg = Release|Any CPU
		{835650AF-F42F-49E5-A42C-D8E2C992AEC9}.Release|Any CPU.Build.0 = Release|Any CPU
		{835650AF-F42F-49E5-A42C-D8E2C992AEC9}.Release|x64.ActiveCfg = Release|Any CPU
		{835650AF-F42F-49E5-A42C-D8E2C992AEC9}.Release|x64.Build.0 = Release|Any CPU
		{835650AF-F42F-49E5-A42C-D8E2C992AEC9}.Release|x86.ActiveCfg = Release|Any CPU
		{835650AF-F42F-49E5-A42C-D8E2C992AEC9}.Release|x86.Build.0 = Release|Any CPU
		{77A21F5E-DFE7-4DA5-A8B8-E1300FE0D7F3}.Debug|Any CPU.ActiveCfg = Debug|Any CPU
		{77A21F5E-DFE7-4DA5-A8B8-E1300FE0D7F3}.Debug|Any CPU.Build.0 = Debug|Any CPU
		{77A21F5E-DFE7-4DA5-A8B8-E1300FE0D7F3}.Debug|x64.ActiveCfg = Debug|Any CPU
		{77A21F5E-DFE7-4DA5-A8B8-E1300FE0D7F3}.Debug|x64.Build.0 = Debug|Any CPU
		{77A21F5E-DFE7-4DA5-A8B8-E1300FE0D7F3}.Debug|x86.ActiveCfg = Debug|Any CPU
		{77A21F5E-DFE7-4DA5-A8B8-E1300FE0D7F3}.Debug|x86.Build.0 = Debug|Any CPU
		{77A21F5E-DFE7-4DA5-A8B8-E1300FE0D7F3}.Release|Any CPU.ActiveCfg = Release|Any CPU
		{77A21F5E-DFE7-4DA5-A8B8-E1300FE0D7F3}.Release|Any CPU.Build.0 = Release|Any CPU
		{77A21F5E-DFE7-4DA5-A8B8-E1300FE0D7F3}.Release|x64.ActiveCfg = Release|Any CPU
		{77A21F5E-DFE7-4DA5-A8B8-E1300FE0D7F3}.Release|x64.Build.0 = Release|Any CPU
		{77A21F5E-DFE7-4DA5-A8B8-E1300FE0D7F3}.Release|x86.ActiveCfg = Release|Any CPU
		{77A21F5E-DFE7-4DA5-A8B8-E1300FE0D7F3}.Release|x86.Build.0 = Release|Any CPU
	EndGlobalSection
	GlobalSection(SolutionProperties) = preSolution
		HideSolutionNode = FALSE
	EndGlobalSection
	GlobalSection(ExtensibilityGlobals) = postSolution
		SolutionGuid = {812B79AD-7B87-4617-9BD5-0B4546E959E4}
	EndGlobalSection
EndGlobal
